// !$*UTF8*$!
{
	archiveVersion = 1;
	classes = {
	};
	objectVersion = 46;
	objects = {

/* Begin PBXBuildFile section */
		A17AE3B019907C2A00E9D649 /* AppDelegate.swift in Sources */ = {isa = PBXBuildFile; fileRef = A17AE3AF19907C2A00E9D649 /* AppDelegate.swift */; };
		A17AE3B219907C2A00E9D649 /* ViewController.swift in Sources */ = {isa = PBXBuildFile; fileRef = A17AE3B119907C2A00E9D649 /* ViewController.swift */; };
		A17AE3B519907C2A00E9D649 /* Main.storyboard in Resources */ = {isa = PBXBuildFile; fileRef = A17AE3B319907C2A00E9D649 /* Main.storyboard */; };
		A17AE3B719907C2A00E9D649 /* Images.xcassets in Resources */ = {isa = PBXBuildFile; fileRef = A17AE3B619907C2A00E9D649 /* Images.xcassets */; };
		A17AE3C319907C2A00E9D649 /* slideExampleTests.swift in Sources */ = {isa = PBXBuildFile; fileRef = A17AE3C219907C2A00E9D649 /* slideExampleTests.swift */; };
/* End PBXBuildFile section */

/* Begin PBXContainerItemProxy section */
		A17AE3BD19907C2A00E9D649 /* PBXContainerItemProxy */ = {
			isa = PBXContainerItemProxy;
			containerPortal = A17AE3A219907C2A00E9D649 /* Project object */;
			proxyType = 1;
			remoteGlobalIDString = A17AE3A919907C2A00E9D649;
			remoteInfo = slideExample;
		};
/* End PBXContainerItemProxy section */

/* Begin PBXFileReference section */
		A17AE3AA19907C2A00E9D649 /* slideExample.app */ = {isa = PBXFileReference; explicitFileType = wrapper.application; includeInIndex = 0; path = slideExample.app; sourceTree = BUILT_PRODUCTS_DIR; };
		A17AE3AE19907C2A00E9D649 /* Info.plist */ = {isa = PBXFileReference; lastKnownFileType = text.plist.xml; path = Info.plist; sourceTree = "<group>"; };
		A17AE3AF19907C2A00E9D649 /* AppDelegate.swift */ = {isa = PBXFileReference; lastKnownFileType = sourcecode.swift; path = AppDelegate.swift; sourceTree = "<group>"; };
		A17AE3B119907C2A00E9D649 /* ViewController.swift */ = {isa = PBXFileReference; lastKnownFileType = sourcecode.swift; path = ViewController.swift; sourceTree = "<group>"; };
		A17AE3B419907C2A00E9D649 /* Base */ = {isa = PBXFileReference; lastKnownFileType = file.storyboard; name = Base; path = Base.lproj/Main.storyboard; sourceTree = "<group>"; };
		A17AE3B619907C2A00E9D649 /* Images.xcassets */ = {isa = PBXFileReference; lastKnownFileType = folder.assetcatalog; path = Images.xcassets; sourceTree = "<group>"; };
		A17AE3BC19907C2A00E9D649 /* slideExampleTests.xctest */ = {isa = PBXFileReference; explicitFileType = wrapper.cfbundle; includeInIndex = 0; path = slideExampleTests.xctest; sourceTree = BUILT_PRODUCTS_DIR; };
		A17AE3C119907C2A00E9D649 /* Info.plist */ = {isa = PBXFileReference; lastKnownFileType = text.plist.xml; path = Info.plist; sourceTree = "<group>"; };
		A17AE3C219907C2A00E9D649 /* slideExampleTests.swift */ = {isa = PBXFileReference; lastKnownFileType = sourcecode.swift; path = slideExampleTests.swift; sourceTree = "<group>"; };
/* End PBXFileReference section */

/* Begin PBXFrameworksBuildPhase section */
		A17AE3A719907C2A00E9D649 /* Frameworks */ = {
			isa = PBXFrameworksBuildPhase;
			buildActionMask = 2147483647;
			files = (
			);
			runOnlyForDeploymentPostprocessing = 0;
		};
		A17AE3B919907C2A00E9D649 /* Frameworks */ = {
			isa = PBXFrameworksBuildPhase;
			buildActionMask = 2147483647;
			files = (
			);
			runOnlyForDeploymentPostprocessing = 0;
		};
/* End PBXFrameworksBuildPhase section */

/* Begin PBXGroup section */
		A17AE3A119907C2A00E9D649 = {
			isa = PBXGroup;
			children = (
				A17AE3AC19907C2A00E9D649 /* slideExample */,
				A17AE3BF19907C2A00E9D649 /* slideExampleTests */,
				A17AE3AB19907C2A00E9D649 /* Products */,
			);
			sourceTree = "<group>";
		};
		A17AE3AB19907C2A00E9D649 /* Products */ = {
			isa = PBXGroup;
			children = (
				A17AE3AA19907C2A00E9D649 /* slideExample.app */,
				A17AE3BC19907C2A00E9D649 /* slideExampleTests.xctest */,
			);
			name = Products;
			sourceTree = "<group>";
		};
		A17AE3AC19907C2A00E9D649 /* slideExample */ = {
			isa = PBXGroup;
			children = (
				A17AE3AF19907C2A00E9D649 /* AppDelegate.swift */,
				A17AE3B119907C2A00E9D649 /* ViewController.swift */,
				A17AE3B319907C2A00E9D649 /* Main.storyboard */,
				A17AE3B619907C2A00E9D649 /* Images.xcassets */,
				A17AE3AD19907C2A00E9D649 /* Supporting Files */,
			);
			path = slideExample;
			sourceTree = "<group>";
		};
		A17AE3AD19907C2A00E9D649 /* Supporting Files */ = {
			isa = PBXGroup;
			children = (
				A17AE3AE19907C2A00E9D649 /* Info.plist */,
			);
			name = "Supporting Files";
			sourceTree = "<group>";
		};
		A17AE3BF19907C2A00E9D649 /* slideExampleTests */ = {
			isa = PBXGroup;
			children = (
				A17AE3C219907C2A00E9D649 /* slideExampleTests.swift */,
				A17AE3C019907C2A00E9D649 /* Supporting Files */,
			);
			path = slideExampleTests;
			sourceTree = "<group>";
		};
		A17AE3C019907C2A00E9D649 /* Supporting Files */ = {
			isa = PBXGroup;
			children = (
				A17AE3C119907C2A00E9D649 /* Info.plist */,
			);
			name = "Supporting Files";
			sourceTree = "<group>";
		};
/* End PBXGroup section */

/* Begin PBXNativeTarget section */
		A17AE3A919907C2A00E9D649 /* slideExample */ = {
			isa = PBXNativeTarget;
			buildConfigurationList = A17AE3C619907C2A00E9D649 /* Build configuration list for PBXNativeTarget "slideExample" */;
			buildPhases = (
				A17AE3A619907C2A00E9D649 /* Sources */,
				A17AE3A719907C2A00E9D649 /* Frameworks */,
				A17AE3A819907C2A00E9D649 /* Resources */,
			);
			buildRules = (
			);
			dependencies = (
			);
			name = slideExample;
			productName = slideExample;
			productReference = A17AE3AA19907C2A00E9D649 /* slideExample.app */;
			productType = "com.apple.product-type.application";
		};
		A17AE3BB19907C2A00E9D649 /* slideExampleTests */ = {
			isa = PBXNativeTarget;
			buildConfigurationList = A17AE3C919907C2A00E9D649 /* Build configuration list for PBXNativeTarget "slideExampleTests" */;
			buildPhases = (
				A17AE3B819907C2A00E9D649 /* Sources */,
				A17AE3B919907C2A00E9D649 /* Frameworks */,
				A17AE3BA19907C2A00E9D649 /* Resources */,
			);
			buildRules = (
			);
			dependencies = (
				A17AE3BE19907C2A00E9D649 /* PBXTargetDependency */,
			);
			name = slideExampleTests;
			productName = slideExampleTests;
			productReference = A17AE3BC19907C2A00E9D649 /* slideExampleTests.xctest */;
			productType = "com.apple.product-type.bundle.unit-test";
		};
/* End PBXNativeTarget section */

/* Begin PBXProject section */
		A17AE3A219907C2A00E9D649 /* Project object */ = {
			isa = PBXProject;
			attributes = {
				LastUpgradeCheck = 0600;
				ORGANIZATIONNAME = chickenscratch;
				TargetAttributes = {
					A17AE3A919907C2A00E9D649 = {
						CreatedOnToolsVersion = 6.0;
					};
					A17AE3BB19907C2A00E9D649 = {
						CreatedOnToolsVersion = 6.0;
						TestTargetID = A17AE3A919907C2A00E9D649;
					};
				};
			};
			buildConfigurationList = A17AE3A519907C2A00E9D649 /* Build configuration list for PBXProject "slideExample" */;
			compatibilityVersion = "Xcode 3.2";
			developmentRegion = English;
			hasScannedForEncodings = 0;
			knownRegions = (
				en,
				Base,
			);
			mainGroup = A17AE3A119907C2A00E9D649;
			productRefGroup = A17AE3AB19907C2A00E9D649 /* Products */;
			projectDirPath = "";
			projectRoot = "";
			targets = (
				A17AE3A919907C2A00E9D649 /* slideExample */,
				A17AE3BB19907C2A00E9D649 /* slideExampleTests */,
			);
		};
/* End PBXProject section */

/* Begin PBXResourcesBuildPhase section */
		A17AE3A819907C2A00E9D649 /* Resources */ = {
			isa = PBXResourcesBuildPhase;
			buildActionMask = 2147483647;
			files = (
				A17AE3B519907C2A00E9D649 /* Main.storyboard in Resources */,
				A17AE3B719907C2A00E9D649 /* Images.xcassets in Resources */,
			);
			runOnlyForDeploymentPostprocessing = 0;
		};
		A17AE3BA19907C2A00E9D649 /* Resources */ = {
			isa = PBXResourcesBuildPhase;
			buildActionMask = 2147483647;
			files = (
			);
			runOnlyForDeploymentPostprocessing = 0;
		};
/* End PBXResourcesBuildPhase section */

/* Begin PBXSourcesBuildPhase section */
		A17AE3A619907C2A00E9D649 /* Sources */ = {
			isa = PBXSourcesBuildPhase;
			buildActionMask = 2147483647;
			files = (
				A17AE3B219907C2A00E9D649 /* ViewController.swift in Sources */,
				A17AE3B019907C2A00E9D649 /* AppDelegate.swift in Sources */,
			);
			runOnlyForDeploymentPostprocessing = 0;
		};
		A17AE3B819907C2A00E9D649 /* Sources */ = {
			isa = PBXSourcesBuildPhase;
			buildActionMask = 2147483647;
			files = (
				A17AE3C319907C2A00E9D649 /* slideExampleTests.swift in Sources */,
			);
			runOnlyForDeploymentPostprocessing = 0;
		};
/* End PBXSourcesBuildPhase section */

/* Begin PBXTargetDependency section */
		A17AE3BE19907C2A00E9D649 /* PBXTargetDependency */ = {
			isa = PBXTargetDependency;
			target = A17AE3A919907C2A00E9D649 /* slideExample */;
			targetProxy = A17AE3BD19907C2A00E9D649 /* PBXContainerItemProxy */;
		};
/* End PBXTargetDependency section */

/* Begin PBXVariantGroup section */
		A17AE3B319907C2A00E9D649 /* Main.storyboard */ = {
			isa = PBXVariantGroup;
			children = (
				A17AE3B419907C2A00E9D649 /* Base */,
			);
			name = Main.storyboard;
			sourceTree = "<group>";
		};
/* End PBXVariantGroup section */

/* Begin XCBuildConfiguration section */
		A17AE3C419907C2A00E9D649 /* Debug */ = {
			isa = XCBuildConfiguration;
			buildSettings = {
				ALWAYS_SEARCH_USER_PATHS = NO;
				CLANG_CXX_LANGUAGE_STANDARD = "gnu++0x";
				CLANG_CXX_LIBRARY = "libc++";
				CLANG_ENABLE_MODULES = YES;
				CLANG_ENABLE_OBJC_ARC = YES;
				CLANG_WARN_BOOL_CONVERSION = YES;
				CLANG_WARN_CONSTANT_CONVERSION = YES;
				CLANG_WARN_DIRECT_OBJC_ISA_USAGE = YES_ERROR;
				CLANG_WARN_EMPTY_BODY = YES;
				CLANG_WARN_ENUM_CONVERSION = YES;
				CLANG_WARN_INT_CONVERSION = YES;
				CLANG_WARN_OBJC_ROOT_CLASS = YES_ERROR;
				CLANG_WARN_UNREACHABLE_CODE = YES;
				CLANG_WARN__DUPLICATE_METHOD_MATCH = YES;
				"CODE_SIGN_IDENTITY[sdk=iphoneos*]" = "iPhone Developer";
				COPY_PHASE_STRIP = NO;
				ENABLE_STRICT_OBJC_MSGSEND = YES;
				GCC_C_LANGUAGE_STANDARD = gnu99;
				GCC_DYNAMIC_NO_PIC = NO;
				GCC_OPTIMIZATION_LEVEL = 0;
				GCC_PREPROCESSOR_DEFINITIONS = (
					"DEBUG=1",
					"$(inherited)",
				);
				GCC_SYMBOLS_PRIVATE_EXTERN = NO;
				GCC_WARN_64_TO_32_BIT_CONVERSION = YES;
				GCC_WARN_ABOUT_RETURN_TYPE = YES_ERROR;
				GCC_WARN_UNDECLARED_SELECTOR = YES;
				GCC_WARN_UNINITIALIZED_AUTOS = YES_AGGRESSIVE;
				GCC_WARN_UNUSED_FUNCTION = YES;
				GCC_WARN_UNUSED_VARIABLE = YES;
				IPHONEOS_DEPLOYMENT_TARGET = 8.0;
				MTL_ENABLE_DEBUG_INFO = YES;
				ONLY_ACTIVE_ARCH = YES;
				SDKROOT = iphoneos;
				SWIFT_OPTIMIZATION_LEVEL = "-Onone";
			};
			name = Debug;
		};
		A17AE3C519907C2A00E9D649 /* Release */ = {
			isa = XCBuildConfiguration;
			buildSettings = {
				ALWAYS_SEARCH_USER_PATHS = NO;
				CLANG_CXX_LANGUAGE_STANDARD = "gnu++0x";
				CLANG_CXX_LIBRARY = "libc++";
				CLANG_ENABLE_MODULES = YES;
				CLANG_ENABLE_OBJC_ARC = YES;
				CLANG_WARN_BOOL_CONVERSION = YES;
				CLANG_WARN_CONSTANT_CONVERSION = YES;
				CLANG_WARN_DIRECT_OBJC_ISA_USAGE = YES_ERROR;
				CLANG_WARN_EMPTY_BODY = YES;
				CLANG_WARN_ENUM_CONVERSION = YES;
				CLANG_WARN_INT_CONVERSION = YES;
				CLANG_WARN_OBJC_ROOT_CLASS = YES_ERROR;
				CLANG_WARN_UNREACHABLE_CODE = YES;
				CLANG_WARN__DUPLICATE_METHOD_MATCH = YES;
				"CODE_SIGN_IDENTITY[sdk=iphoneos*]" = "iPhone Developer";
				COPY_PHASE_STRIP = YES;
				ENABLE_NS_ASSERTIONS = NO;
				ENABLE_STRICT_OBJC_MSGSEND = YES;
				GCC_C_LANGUAGE_STANDARD = gnu99;
				GCC_WARN_64_TO_32_BIT_CONVERSION = YES;
				GCC_WARN_ABOUT_RETURN_TYPE = YES_ERROR;
				GCC_WARN_UNDECLARED_SELECTOR = YES;
				GCC_WARN_UNINITIALIZED_AUTOS = YES_AGGRESSIVE;
				GCC_WARN_UNUSED_FUNCTION = YES;
				GCC_WARN_UNUSED_VARIABLE = YES;
				IPHONEOS_DEPLOYMENT_TARGET = 8.0;
				MTL_ENABLE_DEBUG_INFO = NO;
				SDKROOT = iphoneos;
				VALIDATE_PRODUCT = YES;
			};
			name = Release;
		};
		A17AE3C719907C2A00E9D649 /* Debug */ = {
			isa = XCBuildConfiguration;
			buildSettings = {
				ASSETCATALOG_COMPILER_APPICON_NAME = AppIcon;
				ASSETCATALOG_COMPILER_LAUNCHIMAGE_NAME = LaunchImage;
				INFOPLIST_FILE = slideExample/Info.plist;
				LD_RUNPATH_SEARCH_PATHS = "$(inherited) @executable_path/Frameworks";
				PRODUCT_NAME = "$(TARGET_NAME)";
			};
			name = Debug;
		};
		A17AE3C819907C2A00E9D649 /* Release */ = {
			isa = XCBuildConfiguration;
			buildSettings = {
				ASSETCATALOG_COMPILER_APPICON_NAME = AppIcon;
				ASSETCATALOG_COMPILER_LAUNCHIMAGE_NAME = LaunchImage;
				INFOPLIST_FILE = slideExample/Info.plist;
				LD_RUNPATH_SEARCH_PATHS = "$(inherited) @executable_path/Frameworks";
				PRODUCT_NAME = "$(TARGET_NAME)";
			};
			name = Release;
		};
		A17AE3CA19907C2A00E9D649 /* Debug */ = {
			isa = XCBuildConfiguration;
			buildSettings = {
				BUNDLE_LOADER = "$(BUILT_PRODUCTS_DIR)/slideExample.app/slideExample";
				FRAMEWORK_SEARCH_PATHS = (
					"$(SDKROOT)/Developer/Library/Frameworks",
					"$(inherited)",
				);
				GCC_PREPROCESSOR_DEFINITIONS = (
					"DEBUG=1",
					"$(inherited)",
				);
				INFOPLIST_FILE = slideExampleTests/Info.plist;
				LD_RUNPATH_SEARCH_PATHS = "$(inherited) @executable_path/Frameworks @loader_path/Frameworks";
				PRODUCT_NAME = "$(TARGET_NAME)";
				TEST_HOST = "$(BUNDLE_LOADER)";
			};
			name = Debug;
		};
		A17AE3CB19907C2A00E9D649 /* Release */ = {
			isa = XCBuildConfiguration;
			buildSettings = {
				BUNDLE_LOADER = "$(BUILT_PRODUCTS_DIR)/slideExample.app/slideExample";
				FRAMEWORK_SEARCH_PATHS = (
					"$(SDKROOT)/Developer/Library/Frameworks",
					"$(inherited)",
				);
				INFOPLIST_FILE = slideExampleTests/Info.plist;
				LD_RUNPATH_SEARCH_PATHS = "$(inherited) @executable_path/Frameworks @loader_path/Frameworks";
				PRODUCT_NAME = "$(TARGET_NAME)";
				TEST_HOST = "$(BUNDLE_LOADER)";
			};
			name = Release;
		};
/* End XCBuildConfiguration section */

/* Begin XCConfigurationList section */
		A17AE3A519907C2A00E9D649 /* Build configuration list for PBXProject "slideExample" */ = {
			isa = XCConfigurationList;
			buildConfigurations = (
				A17AE3C419907C2A00E9D649 /* Debug */,
				A17AE3C519907C2A00E9D649 /* Release */,
			);
			defaultConfigurationIsVisible = 0;
			defaultConfigurationName = Release;
		};
		A17AE3C619907C2A00E9D649 /* Build configuration list for PBXNativeTarget "slideExample" */ = {
			isa = XCConfigurationList;
			buildConfigurations = (
				A17AE3C719907C2A00E9D649 /* Debug */,
				A17AE3C819907C2A00E9D649 /* Release */,
			);
			defaultConfigurationIsVisible = 0;
		};
		A17AE3C919907C2A00E9D649 /* Build configuration list for PBXNativeTarget "slideExampleTests" */ = {
			isa = XCConfigurationList;
			buildConfigurations = (
				A17AE3CA19907C2A00E9D649 /* Debug */,
				A17AE3CB19907C2A00E9D649 /* Release */,
			);
			defaultConfigurationIsVisible = 0;
		};
/* End XCConfigurationList section */
	};
	rootObject = A17AE3A219907C2A00E9D649 /* Project object */;
}
